{
  "version": 4,
  "terraform_version": "1.4.6",
  "serial": 69,
  "lineage": "d115e6d2-891d-2b80-c3a2-b0e08c8d03f5",
  "outputs": {
    "dns_name": {
      "value": "ec2-54-175-214-115.compute-1.amazonaws.com",
      "type": "string"
    },
    "ec2_ip": {
      "value": "54.175.214.115",
      "type": "string"
    },
    "vpc_id": {
      "value": "vpc-02a3a41de7166c6db",
      "type": "string"
    }
  },
  "resources": [
    {
      "mode": "managed",
      "type": "aws_instance",
      "name": "server",
      "provider": "provider[\"registry.terraform.io/hashicorp/aws\"]",
      "instances": [
        {
          "schema_version": 1,
          "attributes": {
            "ami": "ami-0393ee318b08f4511",
            "arn": "arn:aws:ec2:us-east-1:582634924370:instance/i-0cc505fd43c8cc84b",
            "associate_public_ip_address": true,
            "availability_zone": "us-east-1a",
            "capacity_reservation_specification": [
              {
                "capacity_reservation_preference": "open",
                "capacity_reservation_target": []
              }
            ],
            "cpu_core_count": 1,
            "cpu_options": [
              {
                "amd_sev_snp": "",
                "core_count": 1,
                "threads_per_core": 1
              }
            ],
            "cpu_threads_per_core": 1,
            "credit_specification": [
              {
                "cpu_credits": "standard"
              }
            ],
            "disable_api_stop": false,
            "disable_api_termination": false,
            "ebs_block_device": [],
            "ebs_optimized": false,
            "enclave_options": [
              {
                "enabled": false
              }
            ],
            "ephemeral_block_device": [],
            "get_password_data": false,
            "hibernation": false,
            "host_id": "",
            "host_resource_group_arn": null,
            "iam_instance_profile": "",
            "id": "i-0cc505fd43c8cc84b",
            "instance_initiated_shutdown_behavior": "stop",
            "instance_state": "running",
            "instance_type": "t2.micro",
            "ipv6_address_count": 0,
            "ipv6_addresses": [],
            "key_name": "var.key_name",
            "launch_template": [],
            "maintenance_options": [
              {
                "auto_recovery": "default"
              }
            ],
            "metadata_options": [
              {
                "http_endpoint": "enabled",
                "http_put_response_hop_limit": 1,
                "http_tokens": "optional",
                "instance_metadata_tags": "disabled"
              }
            ],
            "monitoring": false,
            "network_interface": [],
            "outpost_arn": "",
            "password_data": "",
            "placement_group": "",
            "placement_partition_number": 0,
            "primary_network_interface_id": "eni-01c927edc7d097e0c",
            "private_dns": "ip-192-168-101-149.ec2.internal",
            "private_dns_name_options": [
              {
                "enable_resource_name_dns_a_record": false,
                "enable_resource_name_dns_aaaa_record": false,
                "hostname_type": "ip-name"
              }
            ],
            "private_ip": "192.168.101.149",
            "public_dns": "ec2-54-175-214-115.compute-1.amazonaws.com",
            "public_ip": "54.175.214.115",
            "root_block_device": [
              {
                "delete_on_termination": true,
                "device_name": "/dev/xvda",
                "encrypted": false,
                "iops": 100,
                "kms_key_id": "",
                "tags": {},
                "throughput": 0,
                "volume_id": "vol-0ccc4584c18600455",
                "volume_size": 20,
                "volume_type": "gp2"
              }
            ],
            "secondary_private_ips": [],
            "security_groups": [],
            "source_dest_check": true,
            "subnet_id": "subnet-080c8caa87d736f58",
            "tags": {
              "Env": "Utrains_homework",
              "Name": "module_terraform_ec2"
            },
            "tags_all": {
              "Env": "Utrains_homework",
              "Name": "module_terraform_ec2"
            },
            "tenancy": "default",
            "timeouts": null,
            "user_data": null,
            "user_data_base64": null,
            "user_data_replace_on_change": false,
            "volume_tags": null,
            "vpc_security_group_ids": [
              "sg-08ca157e156a0caa2"
            ]
          },
          "sensitive_attributes": [],
          "private": "eyJlMmJmYjczMC1lY2FhLTExZTYtOGY4OC0zNDM2M2JjN2M0YzAiOnsiY3JlYXRlIjo2MDAwMDAwMDAwMDAsImRlbGV0ZSI6MTIwMDAwMDAwMDAwMCwidXBkYXRlIjo2MDAwMDAwMDAwMDB9LCJzY2hlbWFfdmVyc2lvbiI6IjEifQ==",
          "dependencies": [
            "aws_key_pair.ec2_key",
            "aws_security_group.sg",
            "module.vpc.aws_subnet.public",
            "module.vpc.aws_vpc.this",
            "module.vpc.aws_vpc_ipv4_cidr_block_association.this",
            "tls_private_key.ec2_key"
          ]
        }
      ]
    },
    {
      "mode": "managed",
      "type": "aws_key_pair",
      "name": "ec2_key",
      "provider": "provider[\"registry.terraform.io/hashicorp/aws\"]",
      "instances": [
        {
          "schema_version": 1,
          "attributes": {
            "arn": "arn:aws:ec2:us-east-1:582634924370:key-pair/var.key_name",
            "fingerprint": "63:9f:60:fc:99:b4:73:4a:01:a8:57:3f:35:4a:56:b9",
            "id": "var.key_name",
            "key_name": "var.key_name",
            "key_name_prefix": "",
            "key_pair_id": "key-009453871945eab66",
            "key_type": "rsa",
            "public_key": "ssh-rsa AAAAB3NzaC1yc2EAAAADAQABAAABAQDMXzoY8C4LEdBBdW5+xLYv6gweqbcmL00wZ6uiuKB7kANKBCNIira/sCg2axWGmdH/CS91qt9co+6Avm3k5aQgBBseduZecn3p9IvazShvi7QfSP2pVkphP7Uhtko7hFjtVUI/K6pl3eOW5VDpA1K5PRb3VUEtRpiRChGa1nkwC67Q+Z35v3WST5Ykgncvn0OI8hqwo3IJiWud5JSGq67/jfkCVzN2S0GiJHX+/43qz3TTJOG0pDAt2uGPAGX479ophEZYwgHiukSIurZXPTF/R52n2MGRAbsHJj9o6d3990xTKVKjMZi01NTN+hMaUr9mtZ/R5GGkb23d0kp4sofX",
            "tags": null,
            "tags_all": {}
          },
          "sensitive_attributes": [],
          "private": "eyJzY2hlbWFfdmVyc2lvbiI6IjEifQ==",
          "dependencies": [
            "tls_private_key.ec2_key"
          ]
        }
      ]
    },
    {
      "mode": "managed",
      "type": "aws_security_group",
      "name": "sg",
      "provider": "provider[\"registry.terraform.io/hashicorp/aws\"]",
      "instances": [
        {
          "schema_version": 1,
          "attributes": {
            "arn": "arn:aws:ec2:us-east-1:582634924370:security-group/sg-08ca157e156a0caa2",
            "description": "allow traffic on 22 and 80",
            "egress": [
              {
                "cidr_blocks": [
                  "0.0.0.0/0"
                ],
                "description": "",
                "from_port": 0,
                "ipv6_cidr_blocks": [],
                "prefix_list_ids": [],
                "protocol": "-1",
                "security_groups": [],
                "self": false,
                "to_port": 0
              }
            ],
            "id": "sg-08ca157e156a0caa2",
            "ingress": [
              {
                "cidr_blocks": [
                  "0.0.0.0/0"
                ],
                "description": "22 for ssh",
                "from_port": 22,
                "ipv6_cidr_blocks": [],
                "prefix_list_ids": [],
                "protocol": "tcp",
                "security_groups": [],
                "self": false,
                "to_port": 22
              },
              {
                "cidr_blocks": [
                  "0.0.0.0/0"
                ],
                "description": "80 for http",
                "from_port": 80,
                "ipv6_cidr_blocks": [],
                "prefix_list_ids": [],
                "protocol": "tcp",
                "security_groups": [],
                "self": false,
                "to_port": 80
              }
            ],
            "name": "module_project_sg",
            "name_prefix": "",
            "owner_id": "582634924370",
            "revoke_rules_on_delete": false,
            "tags": {
              "Name": "module_project_sg",
              "Team": "Group10",
              "owner": "Koffi"
            },
            "tags_all": {
              "Name": "module_project_sg",
              "Team": "Group10",
              "owner": "Koffi"
            },
            "timeouts": null,
            "vpc_id": "vpc-02a3a41de7166c6db"
          },
          "sensitive_attributes": [],
          "private": "eyJlMmJmYjczMC1lY2FhLTExZTYtOGY4OC0zNDM2M2JjN2M0YzAiOnsiY3JlYXRlIjo2MDAwMDAwMDAwMDAsImRlbGV0ZSI6OTAwMDAwMDAwMDAwfSwic2NoZW1hX3ZlcnNpb24iOiIxIn0=",
          "dependencies": [
            "module.vpc.aws_vpc.this"
          ]
        }
      ]
    },
    {
      "mode": "managed",
      "type": "local_file",
      "name": "ssh_key",
      "provider": "provider[\"registry.terraform.io/hashicorp/local\"]",
      "instances": [
        {
          "schema_version": 0,
          "attributes": {
            "content": "-----BEGIN RSA PRIVATE KEY-----\nMIIEogIBAAKCAQEAzF86GPAuCxHQQXVufsS2L+oMHqm3Ji9NMGerorige5ADSgQj\nSIq2v7AoNmsVhpnR/wkvdarfXKPugL5t5OWkIAQbHnbmXnJ96fSL2s0ob4u0H0j9\nqVZKYT+1IbZKO4RY7VVCPyuqZd3jluVQ6QNSuT0W91VBLUaYkQoRmtZ5MAuu0Pmd\n+b91kk+WJIJ3L59DiPIasKNyCYlrneSUhquu/435AlczdktBoiR1/v+N6s900yTh\ntKQwLdrhjwBl+O/aKYRGWMIB4rpEiLq2Vz0xf0edp9jBkQG7ByY/aOnd/fdMUylS\nozGYtNTUzfoTGlK/ZrWf0eRhpG9t3dJKeLKH1wIDAQABAoIBADQn1TbKDKYMjL43\nztQRNYFy1Fb67t+S0LsaqeWkAmimLwCzn6GCrPKsbQa+O0cXeE0CthbsXYZR26sF\nbhwtMr5s7dLPeyj9RP7wxsQ2+SvGVlhpkzqk5+R7kqkg0T7xHpSq3nYqmZjXkJ5Q\ntV5R18moOnUyT6jTTFovXKDMPS8yRqAYGUegyZ+Y9/uF6EhSl1g3wRV0NkJEe3YL\navEDyaHZSxiLEpA5T2pijurUsoHAulvKsblQJRJaYmobWzy1+Aem/1HI+sCc3bVn\nPgX1OSXY520IPOJM1PBrYR1TYiSp4yXAUciM5M3ryQ7tgkSKIXrELGyxFGmKqWcV\nXWQjg/kCgYEAzRGKWeADqptRqY8qzWZIoklk+miRAQrvs8YluXQ7Bdl5z8+G5uij\nPiPQKU/DXDRPPzAST9sbuWbTvZXvwjnryQK5ncuXcPZzZv8ONxzDZWORUAltiF6Z\nXL6fdtVX4b6C7LHY+/wZ+fenL6MHxHQIOXY3zbfSB3Yqlu/mdKjY/RMCgYEA/yFm\nZdr55wfpZ5f2JiHjVOcYCukbPznbCOmvv574+Endxy26tyChbA5spb8k+BugdV1x\nWsME8fyQE0vz62T+4dCGMXSYSib7mUhFLAzb3SyAonqHyVg4CtBCT0cLubm04LMP\n59IjjbyC11Dl1Fm45cZIG4dh6dpIChpIZrXMtq0CgYAl7veztl+XQJHzlpspUaFf\n+8mlFJC2K6q5i47Q5nJAm8EPsujWb/Q6e293JN0Tgk2id6b7hKF1Q1Mpv8GRIRu/\nnDRvvwhtiflA9S9Q/I4chDWOI6BSWIVwBYcD+WT/Sjl3xVJJEpJPjgMsKbE3Iuue\njYK3GCjO3on0T75GmDFDZwKBgDf+7KqOVSsP4XqLL8tOxMZtsiky4HgQCrL6F0jH\na32TOMnuj3yB/Ovqfo4iVcrexWj9CVQSWZODC1ww32ha0lZdnhZcsNAVnkMWSZhR\nejAhBFqk6giXBDXbX7JmtXwd9kUbB/KpfIQvS8hWSRtCVgKYclsYa7UX45fUDO/+\nFuBBAoGAex3uDt22qI3ZaoLuAdxz0EaMK9LohB2d3y5g8TLCb/pxPojup4G4VO5f\nJncaLzVXbKAVxVHvViC3DanVSWI37eEvKknwub8I8hQFLzay6+0gFmx4qfvv4obq\niFV6JEdWPP9ugh2g8ESiLh9UboMex09p7ytF3IJoGwpQE0TTAZI=\n-----END RSA PRIVATE KEY-----\n",
            "content_base64": null,
            "content_base64sha256": "gn6euIWcy2p+nW4ZwC5wka7lTneYXf3Vm2DwQptAQe0=",
            "content_base64sha512": "gvD/1OzDYF+X8Nc6F+0WRss8GWQJfA9aDv7WxzfiC5RH46w+HGvh8CDmx8CIkzJV8sFmzAp76HVlfz/s2/9rNA==",
            "content_md5": "8e37f0d82ee5f4fd8f66c96b3e6829f1",
            "content_sha1": "6ac6310f0a52b55b94b2906ec38aeed423affa54",
            "content_sha256": "827e9eb8859ccb6a7e9d6e19c02e7091aee54e77985dfdd59b60f0429b4041ed",
            "content_sha512": "82f0ffd4ecc3605f97f0d73a17ed1646cb3c1964097c0f5a0efed6c737e20b9447e3ac3e1c6be1f020e6c7c088933255f2c166cc0a7be875657f3fecdbff6b34",
            "directory_permission": "0777",
            "file_permission": "0777",
            "filename": "homework_key.pem",
            "id": "6ac6310f0a52b55b94b2906ec38aeed423affa54",
            "sensitive_content": null,
            "source": null
          },
          "sensitive_attributes": [
            [
              {
                "type": "get_attr",
                "value": "content"
              }
            ]
          ],
          "dependencies": [
            "tls_private_key.ec2_key"
          ]
        }
      ]
    },
    {
      "mode": "managed",
      "type": "tls_private_key",
      "name": "ec2_key",
      "provider": "provider[\"registry.terraform.io/hashicorp/tls\"]",
      "instances": [
        {
          "schema_version": 1,
          "attributes": {
            "algorithm": "RSA",
            "ecdsa_curve": "P224",
            "id": "453534de22008e1c50d80b1a291b1cb327f547d5",
            "private_key_openssh": "-----BEGIN OPENSSH PRIVATE KEY-----\nb3BlbnNzaC1rZXktdjEAAAAABG5vbmUAAAAEbm9uZQAAAAAAAAABAAABFwAAAAdz\nc2gtcnNhAAAAAwEAAQAAAQEAzF86GPAuCxHQQXVufsS2L+oMHqm3Ji9NMGerorig\ne5ADSgQjSIq2v7AoNmsVhpnR/wkvdarfXKPugL5t5OWkIAQbHnbmXnJ96fSL2s0o\nb4u0H0j9qVZKYT+1IbZKO4RY7VVCPyuqZd3jluVQ6QNSuT0W91VBLUaYkQoRmtZ5\nMAuu0Pmd+b91kk+WJIJ3L59DiPIasKNyCYlrneSUhquu/435AlczdktBoiR1/v+N\n6s900yThtKQwLdrhjwBl+O/aKYRGWMIB4rpEiLq2Vz0xf0edp9jBkQG7ByY/aOnd\n/fdMUylSozGYtNTUzfoTGlK/ZrWf0eRhpG9t3dJKeLKH1wAAA7jvHZ8R7x2fEQAA\nAAdzc2gtcnNhAAABAQDMXzoY8C4LEdBBdW5+xLYv6gweqbcmL00wZ6uiuKB7kANK\nBCNIira/sCg2axWGmdH/CS91qt9co+6Avm3k5aQgBBseduZecn3p9IvazShvi7Qf\nSP2pVkphP7Uhtko7hFjtVUI/K6pl3eOW5VDpA1K5PRb3VUEtRpiRChGa1nkwC67Q\n+Z35v3WST5Ykgncvn0OI8hqwo3IJiWud5JSGq67/jfkCVzN2S0GiJHX+/43qz3TT\nJOG0pDAt2uGPAGX479ophEZYwgHiukSIurZXPTF/R52n2MGRAbsHJj9o6d3990xT\nKVKjMZi01NTN+hMaUr9mtZ/R5GGkb23d0kp4sofXAAAAAwEAAQAAAQA0J9U2ygym\nDIy+N87UETWBctRW+u7fktC7GqnlpAJopi8As5+hgqzyrG0GvjtHF3hNArYW7F2G\nUdurBW4cLTK+bO3Sz3so/UT+8MbENvkrxlZYaZM6pOfke5KpINE+8R6Uqt52KpmY\n15CeULVeUdfJqDp1Mk+o00xaL1ygzD0vMkagGBlHoMmfmPf7hehIUpdYN8EVdDZC\nRHt2C2rxA8mh2UsYixKQOU9qYo7q1LKBwLpbyrG5UCUSWmJqG1s8tfgHpv9RyPrA\nnN21Zz4F9Tkl2OdtCDziTNTwa2EdU2IkqeMlwFHIjOTN68kO7YJEiiF6xCxssRRp\niqlnFV1kI4P5AAAAgHsd7g7dtqiN2WqC7gHcc9BGjCvS6IQdnd8uYPEywm/6cT6I\n7qeBuFTuXyZ3Gi81V2ygFcVR71Ygtw2p1UliN+3hLypJ8Lm/CPIUBS82suvtIBZs\neKn77+KG6ohVeiRHVjz/boIdoPBEoi4fVG6DHsdPae8rRdyCaBsKUBNE0wGSAAAA\ngQDNEYpZ4AOqm1GpjyrNZkiiSWT6aJEBCu+zxiW5dDsF2XnPz4bm6KM+I9ApT8Nc\nNE8/MBJP2xu5ZtO9le/COevJArmdy5dw9nNm/w43HMNlY5FQCW2IXplcvp921Vfh\nvoLssdj7/Bn596cvowfEdAg5djfNt9IHdiqW7+Z0qNj9EwAAAIEA/yFmZdr55wfp\nZ5f2JiHjVOcYCukbPznbCOmvv574+Endxy26tyChbA5spb8k+BugdV1xWsME8fyQ\nE0vz62T+4dCGMXSYSib7mUhFLAzb3SyAonqHyVg4CtBCT0cLubm04LMP59IjjbyC\n11Dl1Fm45cZIG4dh6dpIChpIZrXMtq0AAAAAAQID\n-----END OPENSSH PRIVATE KEY-----\n",
            "private_key_pem": "-----BEGIN RSA PRIVATE KEY-----\nMIIEogIBAAKCAQEAzF86GPAuCxHQQXVufsS2L+oMHqm3Ji9NMGerorige5ADSgQj\nSIq2v7AoNmsVhpnR/wkvdarfXKPugL5t5OWkIAQbHnbmXnJ96fSL2s0ob4u0H0j9\nqVZKYT+1IbZKO4RY7VVCPyuqZd3jluVQ6QNSuT0W91VBLUaYkQoRmtZ5MAuu0Pmd\n+b91kk+WJIJ3L59DiPIasKNyCYlrneSUhquu/435AlczdktBoiR1/v+N6s900yTh\ntKQwLdrhjwBl+O/aKYRGWMIB4rpEiLq2Vz0xf0edp9jBkQG7ByY/aOnd/fdMUylS\nozGYtNTUzfoTGlK/ZrWf0eRhpG9t3dJKeLKH1wIDAQABAoIBADQn1TbKDKYMjL43\nztQRNYFy1Fb67t+S0LsaqeWkAmimLwCzn6GCrPKsbQa+O0cXeE0CthbsXYZR26sF\nbhwtMr5s7dLPeyj9RP7wxsQ2+SvGVlhpkzqk5+R7kqkg0T7xHpSq3nYqmZjXkJ5Q\ntV5R18moOnUyT6jTTFovXKDMPS8yRqAYGUegyZ+Y9/uF6EhSl1g3wRV0NkJEe3YL\navEDyaHZSxiLEpA5T2pijurUsoHAulvKsblQJRJaYmobWzy1+Aem/1HI+sCc3bVn\nPgX1OSXY520IPOJM1PBrYR1TYiSp4yXAUciM5M3ryQ7tgkSKIXrELGyxFGmKqWcV\nXWQjg/kCgYEAzRGKWeADqptRqY8qzWZIoklk+miRAQrvs8YluXQ7Bdl5z8+G5uij\nPiPQKU/DXDRPPzAST9sbuWbTvZXvwjnryQK5ncuXcPZzZv8ONxzDZWORUAltiF6Z\nXL6fdtVX4b6C7LHY+/wZ+fenL6MHxHQIOXY3zbfSB3Yqlu/mdKjY/RMCgYEA/yFm\nZdr55wfpZ5f2JiHjVOcYCukbPznbCOmvv574+Endxy26tyChbA5spb8k+BugdV1x\nWsME8fyQE0vz62T+4dCGMXSYSib7mUhFLAzb3SyAonqHyVg4CtBCT0cLubm04LMP\n59IjjbyC11Dl1Fm45cZIG4dh6dpIChpIZrXMtq0CgYAl7veztl+XQJHzlpspUaFf\n+8mlFJC2K6q5i47Q5nJAm8EPsujWb/Q6e293JN0Tgk2id6b7hKF1Q1Mpv8GRIRu/\nnDRvvwhtiflA9S9Q/I4chDWOI6BSWIVwBYcD+WT/Sjl3xVJJEpJPjgMsKbE3Iuue\njYK3GCjO3on0T75GmDFDZwKBgDf+7KqOVSsP4XqLL8tOxMZtsiky4HgQCrL6F0jH\na32TOMnuj3yB/Ovqfo4iVcrexWj9CVQSWZODC1ww32ha0lZdnhZcsNAVnkMWSZhR\nejAhBFqk6giXBDXbX7JmtXwd9kUbB/KpfIQvS8hWSRtCVgKYclsYa7UX45fUDO/+\nFuBBAoGAex3uDt22qI3ZaoLuAdxz0EaMK9LohB2d3y5g8TLCb/pxPojup4G4VO5f\nJncaLzVXbKAVxVHvViC3DanVSWI37eEvKknwub8I8hQFLzay6+0gFmx4qfvv4obq\niFV6JEdWPP9ugh2g8ESiLh9UboMex09p7ytF3IJoGwpQE0TTAZI=\n-----END RSA PRIVATE KEY-----\n",
            "private_key_pem_pkcs8": "-----BEGIN PRIVATE KEY-----\nMIIEvAIBADANBgkqhkiG9w0BAQEFAASCBKYwggSiAgEAAoIBAQDMXzoY8C4LEdBB\ndW5+xLYv6gweqbcmL00wZ6uiuKB7kANKBCNIira/sCg2axWGmdH/CS91qt9co+6A\nvm3k5aQgBBseduZecn3p9IvazShvi7QfSP2pVkphP7Uhtko7hFjtVUI/K6pl3eOW\n5VDpA1K5PRb3VUEtRpiRChGa1nkwC67Q+Z35v3WST5Ykgncvn0OI8hqwo3IJiWud\n5JSGq67/jfkCVzN2S0GiJHX+/43qz3TTJOG0pDAt2uGPAGX479ophEZYwgHiukSI\nurZXPTF/R52n2MGRAbsHJj9o6d3990xTKVKjMZi01NTN+hMaUr9mtZ/R5GGkb23d\n0kp4sofXAgMBAAECggEANCfVNsoMpgyMvjfO1BE1gXLUVvru35LQuxqp5aQCaKYv\nALOfoYKs8qxtBr47Rxd4TQK2FuxdhlHbqwVuHC0yvmzt0s97KP1E/vDGxDb5K8ZW\nWGmTOqTn5HuSqSDRPvEelKrediqZmNeQnlC1XlHXyag6dTJPqNNMWi9coMw9LzJG\noBgZR6DJn5j3+4XoSFKXWDfBFXQ2QkR7dgtq8QPJodlLGIsSkDlPamKO6tSygcC6\nW8qxuVAlElpiahtbPLX4B6b/Ucj6wJzdtWc+BfU5JdjnbQg84kzU8GthHVNiJKnj\nJcBRyIzkzevJDu2CRIohesQsbLEUaYqpZxVdZCOD+QKBgQDNEYpZ4AOqm1GpjyrN\nZkiiSWT6aJEBCu+zxiW5dDsF2XnPz4bm6KM+I9ApT8NcNE8/MBJP2xu5ZtO9le/C\nOevJArmdy5dw9nNm/w43HMNlY5FQCW2IXplcvp921VfhvoLssdj7/Bn596cvowfE\ndAg5djfNt9IHdiqW7+Z0qNj9EwKBgQD/IWZl2vnnB+lnl/YmIeNU5xgK6Rs/OdsI\n6a+/nvj4Sd3HLbq3IKFsDmylvyT4G6B1XXFawwTx/JATS/PrZP7h0IYxdJhKJvuZ\nSEUsDNvdLICieofJWDgK0EJPRwu5ubTgsw/n0iONvILXUOXUWbjlxkgbh2Hp2kgK\nGkhmtcy2rQKBgCXu97O2X5dAkfOWmylRoV/7yaUUkLYrqrmLjtDmckCbwQ+y6NZv\n9Dp7b3ck3ROCTaJ3pvuEoXVDUym/wZEhG7+cNG+/CG2J+UD1L1D8jhyENY4joFJY\nhXAFhwP5ZP9KOXfFUkkSkk+OAywpsTci656NgrcYKM7eifRPvkaYMUNnAoGAN/7s\nqo5VKw/heosvy07Exm2yKTLgeBAKsvoXSMdrfZM4ye6PfIH86+p+jiJVyt7FaP0J\nVBJZk4MLXDDfaFrSVl2eFlyw0BWeQxZJmFF6MCEEWqTqCJcENdtfsma1fB32RRsH\n8ql8hC9LyFZJG0JWAphyWxhrtRfjl9QM7/4W4EECgYB7He4O3baojdlqgu4B3HPQ\nRowr0uiEHZ3fLmDxMsJv+nE+iO6ngbhU7l8mdxovNVdsoBXFUe9WILcNqdVJYjft\n4S8qSfC5vwjyFAUvNrLr7SAWbHip++/ihuqIVXokR1Y8/26CHaDwRKIuH1Rugx7H\nT2nvK0XcgmgbClATRNMBkg==\n-----END PRIVATE KEY-----\n",
            "public_key_fingerprint_md5": "cf:4a:3c:dd:38:9d:2e:d7:18:b5:33:56:1f:3e:02:25",
            "public_key_fingerprint_sha256": "SHA256:NA9zpHu812CMNoOWoqb9u+Qgd84kn2Td+AtRa7cHNW8",
            "public_key_openssh": "ssh-rsa AAAAB3NzaC1yc2EAAAADAQABAAABAQDMXzoY8C4LEdBBdW5+xLYv6gweqbcmL00wZ6uiuKB7kANKBCNIira/sCg2axWGmdH/CS91qt9co+6Avm3k5aQgBBseduZecn3p9IvazShvi7QfSP2pVkphP7Uhtko7hFjtVUI/K6pl3eOW5VDpA1K5PRb3VUEtRpiRChGa1nkwC67Q+Z35v3WST5Ykgncvn0OI8hqwo3IJiWud5JSGq67/jfkCVzN2S0GiJHX+/43qz3TTJOG0pDAt2uGPAGX479ophEZYwgHiukSIurZXPTF/R52n2MGRAbsHJj9o6d3990xTKVKjMZi01NTN+hMaUr9mtZ/R5GGkb23d0kp4sofX\n",
            "public_key_pem": "-----BEGIN PUBLIC KEY-----\nMIIBIjANBgkqhkiG9w0BAQEFAAOCAQ8AMIIBCgKCAQEAzF86GPAuCxHQQXVufsS2\nL+oMHqm3Ji9NMGerorige5ADSgQjSIq2v7AoNmsVhpnR/wkvdarfXKPugL5t5OWk\nIAQbHnbmXnJ96fSL2s0ob4u0H0j9qVZKYT+1IbZKO4RY7VVCPyuqZd3jluVQ6QNS\nuT0W91VBLUaYkQoRmtZ5MAuu0Pmd+b91kk+WJIJ3L59DiPIasKNyCYlrneSUhquu\n/435AlczdktBoiR1/v+N6s900yThtKQwLdrhjwBl+O/aKYRGWMIB4rpEiLq2Vz0x\nf0edp9jBkQG7ByY/aOnd/fdMUylSozGYtNTUzfoTGlK/ZrWf0eRhpG9t3dJKeLKH\n1wIDAQAB\n-----END PUBLIC KEY-----\n",
            "rsa_bits": 2048
          },
          "sensitive_attributes": []
        }
      ]
    },
    {
      "module": "module.vpc",
      "mode": "managed",
      "type": "aws_default_network_acl",
      "name": "this",
      "provider": "provider[\"registry.terraform.io/hashicorp/aws\"]",
      "instances": [
        {
          "index_key": 0,
          "schema_version": 0,
          "attributes": {
            "arn": "arn:aws:ec2:us-east-1:582634924370:network-acl/acl-0aecf48cd813af4ed",
            "default_network_acl_id": "acl-0aecf48cd813af4ed",
            "egress": [
              {
                "action": "allow",
                "cidr_block": "",
                "from_port": 0,
                "icmp_code": null,
                "icmp_type": null,
                "ipv6_cidr_block": "::/0",
                "protocol": "-1",
                "rule_no": 101,
                "to_port": 0
              },
              {
                "action": "allow",
                "cidr_block": "0.0.0.0/0",
                "from_port": 0,
                "icmp_code": null,
                "icmp_type": null,
                "ipv6_cidr_block": "",
                "protocol": "-1",
                "rule_no": 100,
                "to_port": 0
              }
            ],
            "id": "acl-0aecf48cd813af4ed",
            "ingress": [
              {
                "action": "allow",
                "cidr_block": "",
                "from_port": 0,
                "icmp_code": null,
                "icmp_type": null,
                "ipv6_cidr_block": "::/0",
                "protocol": "-1",
                "rule_no": 101,
                "to_port": 0
              },
              {
                "action": "allow",
                "cidr_block": "0.0.0.0/0",
                "from_port": 0,
                "icmp_code": null,
                "icmp_type": null,
                "ipv6_cidr_block": "",
                "protocol": "-1",
                "rule_no": 100,
                "to_port": 0
              }
            ],
            "owner_id": "582634924370",
            "subnet_ids": [
              "subnet-00ec1637672b4960b",
              "subnet-064a0503e1b001147",
              "subnet-080c8caa87d736f58",
              "subnet-0f9333dce51c303c0"
            ],
            "tags": {
              "Name": "vivian-vpc",
              "created-by": "vivian",
              "env": "devops",
              "team": "Group10"
            },
            "tags_all": {
              "Name": "vivian-vpc",
              "created-by": "vivian",
              "env": "devops",
              "team": "Group10"
            },
            "vpc_id": "vpc-02a3a41de7166c6db"
          },
          "sensitive_attributes": [],
          "private": "bnVsbA==",
          "dependencies": [
            "module.vpc.aws_vpc.this"
          ]
        }
      ]
    },
    {
      "module": "module.vpc",
      "mode": "managed",
      "type": "aws_default_route_table",
      "name": "default",
      "provider": "provider[\"registry.terraform.io/hashicorp/aws\"]",
      "instances": [
        {
          "index_key": 0,
          "schema_version": 0,
          "attributes": {
            "arn": "arn:aws:ec2:us-east-1:582634924370:route-table/rtb-0f89c7be1f46ae11b",
            "default_route_table_id": "rtb-0f89c7be1f46ae11b",
            "id": "rtb-0f89c7be1f46ae11b",
            "owner_id": "582634924370",
            "propagating_vgws": null,
            "route": [],
            "tags": {
              "Name": "vivian-vpc",
              "created-by": "vivian",
              "env": "devops",
              "team": "Group10"
            },
            "tags_all": {
              "Name": "vivian-vpc",
              "created-by": "vivian",
              "env": "devops",
              "team": "Group10"
            },
            "timeouts": {
              "create": "5m",
              "update": "5m"
            },
            "vpc_id": "vpc-02a3a41de7166c6db"
          },
          "sensitive_attributes": [],
          "private": "eyJlMmJmYjczMC1lY2FhLTExZTYtOGY4OC0zNDM2M2JjN2M0YzAiOnsiY3JlYXRlIjozMDAwMDAwMDAwMDAsInVwZGF0ZSI6MzAwMDAwMDAwMDAwfX0=",
          "dependencies": [
            "module.vpc.aws_vpc.this"
          ]
        }
      ]
    },
    {
      "module": "module.vpc",
      "mode": "managed",
      "type": "aws_default_security_group",
      "name": "this",
      "provider": "provider[\"registry.terraform.io/hashicorp/aws\"]",
      "instances": [
        {
          "index_key": 0,
          "schema_version": 1,
          "attributes": {
            "arn": "arn:aws:ec2:us-east-1:582634924370:security-group/sg-02440c3d602a3d0fd",
            "description": "default VPC security group",
            "egress": [],
            "id": "sg-02440c3d602a3d0fd",
            "ingress": [],
            "name": "default",
            "name_prefix": "",
            "owner_id": "582634924370",
            "revoke_rules_on_delete": false,
            "tags": {
              "Name": "vivian-vpc",
              "created-by": "vivian",
              "env": "devops",
              "team": "Group10"
            },
            "tags_all": {
              "Name": "vivian-vpc",
              "created-by": "vivian",
              "env": "devops",
              "team": "Group10"
            },
            "vpc_id": "vpc-02a3a41de7166c6db"
          },
          "sensitive_attributes": [],
          "private": "eyJzY2hlbWFfdmVyc2lvbiI6IjEifQ==",
          "dependencies": [
            "module.vpc.aws_vpc.this"
          ]
        }
      ]
    },
    {
      "module": "module.vpc",
      "mode": "managed",
      "type": "aws_internet_gateway",
      "name": "this",
      "provider": "provider[\"registry.terraform.io/hashicorp/aws\"]",
      "instances": [
        {
          "index_key": 0,
          "schema_version": 0,
          "attributes": {
            "arn": "arn:aws:ec2:us-east-1:582634924370:internet-gateway/igw-0e2dcf7461f6917f1",
            "id": "igw-0e2dcf7461f6917f1",
            "owner_id": "582634924370",
            "tags": {
              "Name": "vivian-vpc",
              "created-by": "vivian",
              "env": "devops",
              "team": "Group10"
            },
            "tags_all": {
              "Name": "vivian-vpc",
              "created-by": "vivian",
              "env": "devops",
              "team": "Group10"
            },
            "timeouts": null,
            "vpc_id": "vpc-02a3a41de7166c6db"
          },
          "sensitive_attributes": [],
          "private": "eyJlMmJmYjczMC1lY2FhLTExZTYtOGY4OC0zNDM2M2JjN2M0YzAiOnsiY3JlYXRlIjoxMjAwMDAwMDAwMDAwLCJkZWxldGUiOjEyMDAwMDAwMDAwMDAsInVwZGF0ZSI6MTIwMDAwMDAwMDAwMH19",
          "dependencies": [
            "module.vpc.aws_vpc.this",
            "module.vpc.aws_vpc_ipv4_cidr_block_association.this"
          ]
        }
      ]
    },
    {
      "module": "module.vpc",
      "mode": "managed",
      "type": "aws_route",
      "name": "public_internet_gateway",
      "provider": "provider[\"registry.terraform.io/hashicorp/aws\"]",
      "instances": [
        {
          "index_key": 0,
          "schema_version": 0,
          "attributes": {
            "carrier_gateway_id": "",
            "core_network_arn": "",
            "destination_cidr_block": "0.0.0.0/0",
            "destination_ipv6_cidr_block": "",
            "destination_prefix_list_id": "",
            "egress_only_gateway_id": "",
            "gateway_id": "igw-0e2dcf7461f6917f1",
            "id": "r-rtb-0da160c97e78242061080289494",
            "instance_id": "",
            "instance_owner_id": "",
            "local_gateway_id": "",
            "nat_gateway_id": "",
            "network_interface_id": "",
            "origin": "CreateRoute",
            "route_table_id": "rtb-0da160c97e7824206",
            "state": "active",
            "timeouts": {
              "create": "5m",
              "delete": null,
              "update": null
            },
            "transit_gateway_id": "",
            "vpc_endpoint_id": "",
            "vpc_peering_connection_id": ""
          },
          "sensitive_attributes": [],
          "private": "eyJlMmJmYjczMC1lY2FhLTExZTYtOGY4OC0zNDM2M2JjN2M0YzAiOnsiY3JlYXRlIjozMDAwMDAwMDAwMDAsImRlbGV0ZSI6MzAwMDAwMDAwMDAwLCJ1cGRhdGUiOjEyMDAwMDAwMDAwMH19",
          "dependencies": [
            "module.vpc.aws_internet_gateway.this",
            "module.vpc.aws_route_table.public",
            "module.vpc.aws_vpc.this",
            "module.vpc.aws_vpc_ipv4_cidr_block_association.this"
          ]
        }
      ]
    },
    {
      "module": "module.vpc",
      "mode": "managed",
      "type": "aws_route_table",
      "name": "private",
      "provider": "provider[\"registry.terraform.io/hashicorp/aws\"]",
      "instances": [
        {
          "index_key": 0,
          "schema_version": 0,
          "attributes": {
            "arn": "arn:aws:ec2:us-east-1:582634924370:route-table/rtb-026612fc5b18dd0a6",
            "id": "rtb-026612fc5b18dd0a6",
            "owner_id": "582634924370",
            "propagating_vgws": [],
            "route": [],
            "tags": {
              "Name": "vivian-vpc",
              "created-by": "vivian",
              "env": "devops",
              "team": "Group10"
            },
            "tags_all": {
              "Name": "vivian-vpc",
              "created-by": "vivian",
              "env": "devops",
              "team": "Group10"
            },
            "timeouts": null,
            "vpc_id": "vpc-02a3a41de7166c6db"
          },
          "sensitive_attributes": [],
          "private": "eyJlMmJmYjczMC1lY2FhLTExZTYtOGY4OC0zNDM2M2JjN2M0YzAiOnsiY3JlYXRlIjozMDAwMDAwMDAwMDAsImRlbGV0ZSI6MzAwMDAwMDAwMDAwLCJ1cGRhdGUiOjEyMDAwMDAwMDAwMH19",
          "dependencies": [
            "module.vpc.aws_vpc.this",
            "module.vpc.aws_vpc_ipv4_cidr_block_association.this"
          ]
        },
        {
          "index_key": 1,
          "schema_version": 0,
          "attributes": {
            "arn": "arn:aws:ec2:us-east-1:582634924370:route-table/rtb-042d8da7a9fb4cdbd",
            "id": "rtb-042d8da7a9fb4cdbd",
            "owner_id": "582634924370",
            "propagating_vgws": [],
            "route": [],
            "tags": {
              "Name": "vivian-vpc",
              "created-by": "vivian",
              "env": "devops",
              "team": "Group10"
            },
            "tags_all": {
              "Name": "vivian-vpc",
              "created-by": "vivian",
              "env": "devops",
              "team": "Group10"
            },
            "timeouts": null,
            "vpc_id": "vpc-02a3a41de7166c6db"
          },
          "sensitive_attributes": [],
          "private": "eyJlMmJmYjczMC1lY2FhLTExZTYtOGY4OC0zNDM2M2JjN2M0YzAiOnsiY3JlYXRlIjozMDAwMDAwMDAwMDAsImRlbGV0ZSI6MzAwMDAwMDAwMDAwLCJ1cGRhdGUiOjEyMDAwMDAwMDAwMH19",
          "dependencies": [
            "module.vpc.aws_vpc.this",
            "module.vpc.aws_vpc_ipv4_cidr_block_association.this"
          ]
        }
      ]
    },
    {
      "module": "module.vpc",
      "mode": "managed",
      "type": "aws_route_table",
      "name": "public",
      "provider": "provider[\"registry.terraform.io/hashicorp/aws\"]",
      "instances": [
        {
          "index_key": 0,
          "schema_version": 0,
          "attributes": {
            "arn": "arn:aws:ec2:us-east-1:582634924370:route-table/rtb-0da160c97e7824206",
            "id": "rtb-0da160c97e7824206",
            "owner_id": "582634924370",
            "propagating_vgws": [],
            "route": [],
            "tags": {
              "Name": "vivian-vpc",
              "created-by": "vivian",
              "env": "devops",
              "team": "Group10"
            },
            "tags_all": {
              "Name": "vivian-vpc",
              "created-by": "vivian",
              "env": "devops",
              "team": "Group10"
            },
            "timeouts": null,
            "vpc_id": "vpc-02a3a41de7166c6db"
          },
          "sensitive_attributes": [],
          "private": "eyJlMmJmYjczMC1lY2FhLTExZTYtOGY4OC0zNDM2M2JjN2M0YzAiOnsiY3JlYXRlIjozMDAwMDAwMDAwMDAsImRlbGV0ZSI6MzAwMDAwMDAwMDAwLCJ1cGRhdGUiOjEyMDAwMDAwMDAwMH19",
          "dependencies": [
            "module.vpc.aws_vpc.this",
            "module.vpc.aws_vpc_ipv4_cidr_block_association.this"
          ]
        }
      ]
    },
    {
      "module": "module.vpc",
      "mode": "managed",
      "type": "aws_route_table_association",
      "name": "private",
      "provider": "provider[\"registry.terraform.io/hashicorp/aws\"]",
      "instances": [
        {
          "index_key": 0,
          "schema_version": 0,
          "attributes": {
            "gateway_id": "",
            "id": "rtbassoc-0ec93eec66acbc1a5",
            "route_table_id": "rtb-026612fc5b18dd0a6",
            "subnet_id": "subnet-064a0503e1b001147",
            "timeouts": null
          },
          "sensitive_attributes": [],
          "private": "eyJlMmJmYjczMC1lY2FhLTExZTYtOGY4OC0zNDM2M2JjN2M0YzAiOnsiY3JlYXRlIjozMDAwMDAwMDAwMDAsImRlbGV0ZSI6MzAwMDAwMDAwMDAwLCJ1cGRhdGUiOjEyMDAwMDAwMDAwMH19",
          "dependencies": [
            "module.vpc.aws_route_table.private",
            "module.vpc.aws_subnet.private",
            "module.vpc.aws_vpc.this",
            "module.vpc.aws_vpc_ipv4_cidr_block_association.this"
          ]
        },
        {
          "index_key": 1,
          "schema_version": 0,
          "attributes": {
            "gateway_id": "",
            "id": "rtbassoc-0ff43ad2b57827ffb",
            "route_table_id": "rtb-042d8da7a9fb4cdbd",
            "subnet_id": "subnet-0f9333dce51c303c0",
            "timeouts": null
          },
          "sensitive_attributes": [],
          "private": "eyJlMmJmYjczMC1lY2FhLTExZTYtOGY4OC0zNDM2M2JjN2M0YzAiOnsiY3JlYXRlIjozMDAwMDAwMDAwMDAsImRlbGV0ZSI6MzAwMDAwMDAwMDAwLCJ1cGRhdGUiOjEyMDAwMDAwMDAwMH19",
          "dependencies": [
            "module.vpc.aws_route_table.private",
            "module.vpc.aws_subnet.private",
            "module.vpc.aws_vpc.this",
            "module.vpc.aws_vpc_ipv4_cidr_block_association.this"
          ]
        }
      ]
    },
    {
      "module": "module.vpc",
      "mode": "managed",
      "type": "aws_route_table_association",
      "name": "public",
      "provider": "provider[\"registry.terraform.io/hashicorp/aws\"]",
      "instances": [
        {
          "index_key": 0,
          "schema_version": 0,
          "attributes": {
            "gateway_id": "",
            "id": "rtbassoc-0094b0e66e55e688d",
            "route_table_id": "rtb-0da160c97e7824206",
            "subnet_id": "subnet-080c8caa87d736f58",
            "timeouts": null
          },
          "sensitive_attributes": [],
          "private": "eyJlMmJmYjczMC1lY2FhLTExZTYtOGY4OC0zNDM2M2JjN2M0YzAiOnsiY3JlYXRlIjozMDAwMDAwMDAwMDAsImRlbGV0ZSI6MzAwMDAwMDAwMDAwLCJ1cGRhdGUiOjEyMDAwMDAwMDAwMH19",
          "dependencies": [
            "module.vpc.aws_route_table.public",
            "module.vpc.aws_subnet.public",
            "module.vpc.aws_vpc.this",
            "module.vpc.aws_vpc_ipv4_cidr_block_association.this"
          ]
        },
        {
          "index_key": 1,
          "schema_version": 0,
          "attributes": {
            "gateway_id": "",
            "id": "rtbassoc-0492cfcb2dad338a2",
            "route_table_id": "rtb-0da160c97e7824206",
            "subnet_id": "subnet-00ec1637672b4960b",
            "timeouts": null
          },
          "sensitive_attributes": [],
          "private": "eyJlMmJmYjczMC1lY2FhLTExZTYtOGY4OC0zNDM2M2JjN2M0YzAiOnsiY3JlYXRlIjozMDAwMDAwMDAwMDAsImRlbGV0ZSI6MzAwMDAwMDAwMDAwLCJ1cGRhdGUiOjEyMDAwMDAwMDAwMH19",
          "dependencies": [
            "module.vpc.aws_route_table.public",
            "module.vpc.aws_subnet.public",
            "module.vpc.aws_vpc.this",
            "module.vpc.aws_vpc_ipv4_cidr_block_association.this"
          ]
        }
      ]
    },
    {
      "module": "module.vpc",
      "mode": "managed",
      "type": "aws_subnet",
      "name": "private",
      "provider": "provider[\"registry.terraform.io/hashicorp/aws\"]",
      "instances": [
        {
          "index_key": 0,
          "schema_version": 1,
          "attributes": {
            "arn": "arn:aws:ec2:us-east-1:582634924370:subnet/subnet-064a0503e1b001147",
            "assign_ipv6_address_on_creation": false,
            "availability_zone": "us-east-1a",
            "availability_zone_id": "use1-az4",
            "cidr_block": "192.168.1.0/24",
            "customer_owned_ipv4_pool": "",
            "enable_dns64": false,
            "enable_lni_at_device_index": 0,
            "enable_resource_name_dns_a_record_on_launch": false,
            "enable_resource_name_dns_aaaa_record_on_launch": false,
            "id": "subnet-064a0503e1b001147",
            "ipv6_cidr_block": "",
            "ipv6_cidr_block_association_id": "",
            "ipv6_native": false,
            "map_customer_owned_ip_on_launch": false,
            "map_public_ip_on_launch": false,
            "outpost_arn": "",
            "owner_id": "582634924370",
            "private_dns_hostname_type_on_launch": "ip-name",
            "tags": {
              "Name": "vivian-vpc",
              "created-by": "vivian",
              "env": "devops",
              "team": "Group10"
            },
            "tags_all": {
              "Name": "vivian-vpc",
              "created-by": "vivian",
              "env": "devops",
              "team": "Group10"
            },
            "timeouts": null,
            "vpc_id": "vpc-02a3a41de7166c6db"
          },
          "sensitive_attributes": [],
          "private": "eyJlMmJmYjczMC1lY2FhLTExZTYtOGY4OC0zNDM2M2JjN2M0YzAiOnsiY3JlYXRlIjo2MDAwMDAwMDAwMDAsImRlbGV0ZSI6MTIwMDAwMDAwMDAwMH0sInNjaGVtYV92ZXJzaW9uIjoiMSJ9",
          "dependencies": [
            "module.vpc.aws_vpc.this",
            "module.vpc.aws_vpc_ipv4_cidr_block_association.this"
          ]
        },
        {
          "index_key": 1,
          "schema_version": 1,
          "attributes": {
            "arn": "arn:aws:ec2:us-east-1:582634924370:subnet/subnet-0f9333dce51c303c0",
            "assign_ipv6_address_on_creation": false,
            "availability_zone": "us-east-1b",
            "availability_zone_id": "use1-az6",
            "cidr_block": "192.168.2.0/24",
            "customer_owned_ipv4_pool": "",
            "enable_dns64": false,
            "enable_lni_at_device_index": 0,
            "enable_resource_name_dns_a_record_on_launch": false,
            "enable_resource_name_dns_aaaa_record_on_launch": false,
            "id": "subnet-0f9333dce51c303c0",
            "ipv6_cidr_block": "",
            "ipv6_cidr_block_association_id": "",
            "ipv6_native": false,
            "map_customer_owned_ip_on_launch": false,
            "map_public_ip_on_launch": false,
            "outpost_arn": "",
            "owner_id": "582634924370",
            "private_dns_hostname_type_on_launch": "ip-name",
            "tags": {
              "Name": "vivian-vpc",
              "created-by": "vivian",
              "env": "devops",
              "team": "Group10"
            },
            "tags_all": {
              "Name": "vivian-vpc",
              "created-by": "vivian",
              "env": "devops",
              "team": "Group10"
            },
            "timeouts": null,
            "vpc_id": "vpc-02a3a41de7166c6db"
          },
          "sensitive_attributes": [],
          "private": "eyJlMmJmYjczMC1lY2FhLTExZTYtOGY4OC0zNDM2M2JjN2M0YzAiOnsiY3JlYXRlIjo2MDAwMDAwMDAwMDAsImRlbGV0ZSI6MTIwMDAwMDAwMDAwMH0sInNjaGVtYV92ZXJzaW9uIjoiMSJ9",
          "dependencies": [
            "module.vpc.aws_vpc.this",
            "module.vpc.aws_vpc_ipv4_cidr_block_association.this"
          ]
        }
      ]
    },
    {
      "module": "module.vpc",
      "mode": "managed",
      "type": "aws_subnet",
      "name": "public",
      "provider": "provider[\"registry.terraform.io/hashicorp/aws\"]",
      "instances": [
        {
          "index_key": 0,
          "schema_version": 1,
          "attributes": {
            "arn": "arn:aws:ec2:us-east-1:582634924370:subnet/subnet-080c8caa87d736f58",
            "assign_ipv6_address_on_creation": false,
            "availability_zone": "us-east-1a",
            "availability_zone_id": "use1-az4",
            "cidr_block": "192.168.101.0/24",
            "customer_owned_ipv4_pool": "",
            "enable_dns64": false,
            "enable_lni_at_device_index": 0,
            "enable_resource_name_dns_a_record_on_launch": false,
            "enable_resource_name_dns_aaaa_record_on_launch": false,
            "id": "subnet-080c8caa87d736f58",
            "ipv6_cidr_block": "",
            "ipv6_cidr_block_association_id": "",
            "ipv6_native": false,
            "map_customer_owned_ip_on_launch": false,
            "map_public_ip_on_launch": false,
            "outpost_arn": "",
            "owner_id": "582634924370",
            "private_dns_hostname_type_on_launch": "ip-name",
            "tags": {
              "Name": "vivian-vpc",
              "created-by": "vivian",
              "env": "devops",
              "team": "Group10"
            },
            "tags_all": {
              "Name": "vivian-vpc",
              "created-by": "vivian",
              "env": "devops",
              "team": "Group10"
            },
            "timeouts": null,
            "vpc_id": "vpc-02a3a41de7166c6db"
          },
          "sensitive_attributes": [],
          "private": "eyJlMmJmYjczMC1lY2FhLTExZTYtOGY4OC0zNDM2M2JjN2M0YzAiOnsiY3JlYXRlIjo2MDAwMDAwMDAwMDAsImRlbGV0ZSI6MTIwMDAwMDAwMDAwMH0sInNjaGVtYV92ZXJzaW9uIjoiMSJ9",
          "dependencies": [
            "module.vpc.aws_vpc.this",
            "module.vpc.aws_vpc_ipv4_cidr_block_association.this"
          ]
        },
        {
          "index_key": 1,
          "schema_version": 1,
          "attributes": {
            "arn": "arn:aws:ec2:us-east-1:582634924370:subnet/subnet-00ec1637672b4960b",
            "assign_ipv6_address_on_creation": false,
            "availability_zone": "us-east-1b",
            "availability_zone_id": "use1-az6",
            "cidr_block": "192.168.102.0/24",
            "customer_owned_ipv4_pool": "",
            "enable_dns64": false,
            "enable_lni_at_device_index": 0,
            "enable_resource_name_dns_a_record_on_launch": false,
            "enable_resource_name_dns_aaaa_record_on_launch": false,
            "id": "subnet-00ec1637672b4960b",
            "ipv6_cidr_block": "",
            "ipv6_cidr_block_association_id": "",
            "ipv6_native": false,
            "map_customer_owned_ip_on_launch": false,
            "map_public_ip_on_launch": false,
            "outpost_arn": "",
            "owner_id": "582634924370",
            "private_dns_hostname_type_on_launch": "ip-name",
            "tags": {
              "Name": "vivian-vpc",
              "created-by": "vivian",
              "env": "devops",
              "team": "Group10"
            },
            "tags_all": {
              "Name": "vivian-vpc",
              "created-by": "vivian",
              "env": "devops",
              "team": "Group10"
            },
            "timeouts": null,
            "vpc_id": "vpc-02a3a41de7166c6db"
          },
          "sensitive_attributes": [],
          "private": "eyJlMmJmYjczMC1lY2FhLTExZTYtOGY4OC0zNDM2M2JjN2M0YzAiOnsiY3JlYXRlIjo2MDAwMDAwMDAwMDAsImRlbGV0ZSI6MTIwMDAwMDAwMDAwMH0sInNjaGVtYV92ZXJzaW9uIjoiMSJ9",
          "dependencies": [
            "module.vpc.aws_vpc.this",
            "module.vpc.aws_vpc_ipv4_cidr_block_association.this"
          ]
        }
      ]
    },
    {
      "module": "module.vpc",
      "mode": "managed",
      "type": "aws_vpc",
      "name": "this",
      "provider": "provider[\"registry.terraform.io/hashicorp/aws\"]",
      "instances": [
        {
          "index_key": 0,
          "schema_version": 1,
          "attributes": {
            "arn": "arn:aws:ec2:us-east-1:582634924370:vpc/vpc-02a3a41de7166c6db",
            "assign_generated_ipv6_cidr_block": false,
            "cidr_block": "192.168.0.0/16",
            "default_network_acl_id": "acl-0aecf48cd813af4ed",
            "default_route_table_id": "rtb-0f89c7be1f46ae11b",
            "default_security_group_id": "sg-02440c3d602a3d0fd",
            "dhcp_options_id": "dopt-084ad9470ae4dfbee",
            "enable_dns_hostnames": true,
            "enable_dns_support": true,
            "enable_network_address_usage_metrics": false,
            "id": "vpc-02a3a41de7166c6db",
            "instance_tenancy": "default",
            "ipv4_ipam_pool_id": null,
            "ipv4_netmask_length": null,
            "ipv6_association_id": "",
            "ipv6_cidr_block": "",
            "ipv6_cidr_block_network_border_group": "",
            "ipv6_ipam_pool_id": "",
            "ipv6_netmask_length": 0,
            "main_route_table_id": "rtb-0f89c7be1f46ae11b",
            "owner_id": "582634924370",
            "tags": {
              "Name": "vivian-vpc",
              "created-by": "vivian",
              "env": "devops",
              "team": "Group10"
            },
            "tags_all": {
              "Name": "vivian-vpc",
              "created-by": "vivian",
              "env": "devops",
              "team": "Group10"
            }
          },
          "sensitive_attributes": [],
          "private": "eyJzY2hlbWFfdmVyc2lvbiI6IjEifQ=="
        }
      ]
    }
  ],
  "check_results": null
}
